
Microsoft Visual Studio Solution File, Format Version 12.00
# Visual Studio 14
VisualStudioVersion = 14.0.25420.1
MinimumVisualStudioVersion = 10.0.40219.1
Project("{2150E333-8FDC-42A3-9474-1A3956D46DE8}") = "PlatformServer", "PlatformServer", "{6E8E14D8-EAB0-4F6F-B9E7-44809E036ED0}"
EndProject
Project("{2150E333-8FDC-42A3-9474-1A3956D46DE8}") = "PlatformClient", "PlatformClient", "{F07D761F-781E-48BF-B4F8-BA7BF11A1053}"
EndProject
Project("{2150E333-8FDC-42A3-9474-1A3956D46DE8}") = "Util", "Util", "{21C8B074-3F1D-4523-B758-63133EF1C84E}"
EndProject
Project("{2150E333-8FDC-42A3-9474-1A3956D46DE8}") = "Module", "Module", "{BE5FF94A-3930-4DFA-9807-DDC8D354D6DB}"
EndProject
Project("{FAE04EC0-301F-11D3-BF4B-00C04F79EFBC}") = "WebAppService", "PlatformServer\WebAppService\WebAppService.csproj", "{952F070F-2BA2-4C63-9925-466CC11E8391}"
EndProject
Project("{FAE04EC0-301F-11D3-BF4B-00C04F79EFBC}") = "CommonLibrary", "Util\CommonLibrary\CommonLibrary.csproj", "{2E7C61C8-65E8-4C53-BE1A-158B8744C767}"
EndProject
Project("{FAE04EC0-301F-11D3-BF4B-00C04F79EFBC}") = "YDVSPlatform", "PlatformClient\YDVSPlatform\YDVSPlatform.csproj", "{5429E1A8-E5AF-4356-8EC6-8B7C45232A00}"
EndProject
Project("{2150E333-8FDC-42A3-9474-1A3956D46DE8}") = "Model", "Model", "{31008603-B344-4EDD-A535-321631583F1C}"
EndProject
Project("{2150E333-8FDC-42A3-9474-1A3956D46DE8}") = "BusinessInfterface", "BusinessInfterface", "{DD6878B8-7402-42B7-9F34-76B145D0FB9E}"
EndProject
Project("{FAE04EC0-301F-11D3-BF4B-00C04F79EFBC}") = "ModuleInterface", "BusinessInterface\ModuleInterface\ModuleInterface.csproj", "{475DE6CB-718F-41ED-88BE-A43008612B66}"
EndProject
Project("{FAE04EC0-301F-11D3-BF4B-00C04F79EFBC}") = "SystemModel", "SystemModel\SystemModel.csproj", "{F816F9CC-F3DD-47D6-97E5-BEE5436732B9}"
EndProject
Project("{2150E333-8FDC-42A3-9474-1A3956D46DE8}") = "DatabaseHandler", "DatabaseHandler", "{0E212165-4736-4C67-AF7E-8D5985E94273}"
EndProject
Project("{FAE04EC0-301F-11D3-BF4B-00C04F79EFBC}") = "DBHandlerForMySQL", "DatabaseHandler\DBHandlerForMySQL\DBHandlerForMySQL.csproj", "{5F8FD579-247D-44D9-87FE-A4F57126D51A}"
EndProject
Project("{2150E333-8FDC-42A3-9474-1A3956D46DE8}") = "PageResource", "PageResource", "{79132FD8-30E3-4F43-8234-A60CBD9B334D}"
EndProject
Project("{FAE04EC0-301F-11D3-BF4B-00C04F79EFBC}") = "VideoAnalysis", "Module\VideoAnalysis\VideoAnalysis.csproj", "{C08866FE-84EF-40B6-8C81-55DD66386DCC}"
EndProject
Project("{FAE04EC0-301F-11D3-BF4B-00C04F79EFBC}") = "PageStyle", "PageResource\PageStyle\PageStyle.csproj", "{A4E6178E-BC9A-4566-87DB-4F4E6EB0C065}"
EndProject
Project("{FAE04EC0-301F-11D3-BF4B-00C04F79EFBC}") = "SelfCommonTool", "PageResource\SelfCommonTool\SelfCommonTool.csproj", "{F9F4BD6F-5706-4998-9A83-46B501F0F932}"
EndProject
Project("{2150E333-8FDC-42A3-9474-1A3956D46DE8}") = "Dlls", "Dlls", "{F166F396-2957-45E6-9381-668A7EDD5669}"
	ProjectSection(SolutionItems) = preProject
		Dlls\WPFVisifire.Charts.dll = Dlls\WPFVisifire.Charts.dll
	EndProjectSection
EndProject
Global
	GlobalSection(SolutionConfigurationPlatforms) = preSolution
		Debug|Any CPU = Debug|Any CPU
		Release|Any CPU = Release|Any CPU
	EndGlobalSection
	GlobalSection(ProjectConfigurationPlatforms) = postSolution
		{952F070F-2BA2-4C63-9925-466CC11E8391}.Debug|Any CPU.ActiveCfg = Debug|Any CPU
		{952F070F-2BA2-4C63-9925-466CC11E8391}.Debug|Any CPU.Build.0 = Debug|Any CPU
		{952F070F-2BA2-4C63-9925-466CC11E8391}.Release|Any CPU.ActiveCfg = Release|Any CPU
		{952F070F-2BA2-4C63-9925-466CC11E8391}.Release|Any CPU.Build.0 = Release|Any CPU
		{2E7C61C8-65E8-4C53-BE1A-158B8744C767}.Debug|Any CPU.ActiveCfg = Debug|Any CPU
		{2E7C61C8-65E8-4C53-BE1A-158B8744C767}.Debug|Any CPU.Build.0 = Debug|Any CPU
		{2E7C61C8-65E8-4C53-BE1A-158B8744C767}.Release|Any CPU.ActiveCfg = Release|Any CPU
		{2E7C61C8-65E8-4C53-BE1A-158B8744C767}.Release|Any CPU.Build.0 = Release|Any CPU
		{5429E1A8-E5AF-4356-8EC6-8B7C45232A00}.Debug|Any CPU.ActiveCfg = Debug|Any CPU
		{5429E1A8-E5AF-4356-8EC6-8B7C45232A00}.Debug|Any CPU.Build.0 = Debug|Any CPU
		{5429E1A8-E5AF-4356-8EC6-8B7C45232A00}.Release|Any CPU.ActiveCfg = Release|Any CPU
		{5429E1A8-E5AF-4356-8EC6-8B7C45232A00}.Release|Any CPU.Build.0 = Release|Any CPU
		{475DE6CB-718F-41ED-88BE-A43008612B66}.Debug|Any CPU.ActiveCfg = Debug|Any CPU
		{475DE6CB-718F-41ED-88BE-A43008612B66}.Debug|Any CPU.Build.0 = Debug|Any CPU
		{475DE6CB-718F-41ED-88BE-A43008612B66}.Release|Any CPU.ActiveCfg = Release|Any CPU
		{475DE6CB-718F-41ED-88BE-A43008612B66}.Release|Any CPU.Build.0 = Release|Any CPU
		{F816F9CC-F3DD-47D6-97E5-BEE5436732B9}.Debug|Any CPU.ActiveCfg = Debug|Any CPU
		{F816F9CC-F3DD-47D6-97E5-BEE5436732B9}.Debug|Any CPU.Build.0 = Debug|Any CPU
		{F816F9CC-F3DD-47D6-97E5-BEE5436732B9}.Release|Any CPU.ActiveCfg = Release|Any CPU
		{F816F9CC-F3DD-47D6-97E5-BEE5436732B9}.Release|Any CPU.Build.0 = Release|Any CPU
		{5F8FD579-247D-44D9-87FE-A4F57126D51A}.Debug|Any CPU.ActiveCfg = Debug|Any CPU
		{5F8FD579-247D-44D9-87FE-A4F57126D51A}.Debug|Any CPU.Build.0 = Debug|Any CPU
		{5F8FD579-247D-44D9-87FE-A4F57126D51A}.Release|Any CPU.ActiveCfg = Release|Any CPU
		{5F8FD579-247D-44D9-87FE-A4F57126D51A}.Release|Any CPU.Build.0 = Release|Any CPU
		{C08866FE-84EF-40B6-8C81-55DD66386DCC}.Debug|Any CPU.ActiveCfg = Debug|Any CPU
		{C08866FE-84EF-40B6-8C81-55DD66386DCC}.Debug|Any CPU.Build.0 = Debug|Any CPU
		{C08866FE-84EF-40B6-8C81-55DD66386DCC}.Release|Any CPU.ActiveCfg = Release|Any CPU
		{C08866FE-84EF-40B6-8C81-55DD66386DCC}.Release|Any CPU.Build.0 = Release|Any CPU
		{A4E6178E-BC9A-4566-87DB-4F4E6EB0C065}.Debug|Any CPU.ActiveCfg = Debug|Any CPU
		{A4E6178E-BC9A-4566-87DB-4F4E6EB0C065}.Debug|Any CPU.Build.0 = Debug|Any CPU
		{A4E6178E-BC9A-4566-87DB-4F4E6EB0C065}.Release|Any CPU.ActiveCfg = Release|Any CPU
		{A4E6178E-BC9A-4566-87DB-4F4E6EB0C065}.Release|Any CPU.Build.0 = Release|Any CPU
		{F9F4BD6F-5706-4998-9A83-46B501F0F932}.Debug|Any CPU.ActiveCfg = Debug|Any CPU
		{F9F4BD6F-5706-4998-9A83-46B501F0F932}.Debug|Any CPU.Build.0 = Debug|Any CPU
		{F9F4BD6F-5706-4998-9A83-46B501F0F932}.Release|Any CPU.ActiveCfg = Release|Any CPU
		{F9F4BD6F-5706-4998-9A83-46B501F0F932}.Release|Any CPU.Build.0 = Release|Any CPU
	EndGlobalSection
	GlobalSection(SolutionProperties) = preSolution
		HideSolutionNode = FALSE
	EndGlobalSection
	GlobalSection(NestedProjects) = preSolution
		{952F070F-2BA2-4C63-9925-466CC11E8391} = {6E8E14D8-EAB0-4F6F-B9E7-44809E036ED0}
		{2E7C61C8-65E8-4C53-BE1A-158B8744C767} = {21C8B074-3F1D-4523-B758-63133EF1C84E}
		{5429E1A8-E5AF-4356-8EC6-8B7C45232A00} = {F07D761F-781E-48BF-B4F8-BA7BF11A1053}
		{475DE6CB-718F-41ED-88BE-A43008612B66} = {DD6878B8-7402-42B7-9F34-76B145D0FB9E}
		{F816F9CC-F3DD-47D6-97E5-BEE5436732B9} = {31008603-B344-4EDD-A535-321631583F1C}
		{5F8FD579-247D-44D9-87FE-A4F57126D51A} = {0E212165-4736-4C67-AF7E-8D5985E94273}
		{C08866FE-84EF-40B6-8C81-55DD66386DCC} = {BE5FF94A-3930-4DFA-9807-DDC8D354D6DB}
		{A4E6178E-BC9A-4566-87DB-4F4E6EB0C065} = {79132FD8-30E3-4F43-8234-A60CBD9B334D}
		{F9F4BD6F-5706-4998-9A83-46B501F0F932} = {79132FD8-30E3-4F43-8234-A60CBD9B334D}
	EndGlobalSection
EndGlobal
